PODS:
  - iOSSnapshotTestCase (4.0.1):
    - iOSSnapshotTestCase/SwiftSupport (= 4.0.1)
  - iOSSnapshotTestCase/Core (4.0.1)
  - iOSSnapshotTestCase/SwiftSupport (4.0.1):
    - iOSSnapshotTestCase/Core
  - Nimble (7.3.1)
  - Nimble-Snapshots (6.9.0):
    - Nimble-Snapshots/Core (= 6.9.0)
  - Nimble-Snapshots/Core (6.9.0):
    - iOSSnapshotTestCase (~> 4.0)
    - Nimble (~> 7.0)
  - Quick (1.3.0)
  - Reusable (4.0.5):
    - Reusable/Storyboard (= 4.0.5)
    - Reusable/View (= 4.0.5)
  - Reusable/Storyboard (4.0.5)
  - Reusable/View (4.0.5)
  - SnapKit (5.0.1)

DEPENDENCIES:
  - Nimble (= 7.3.1)
  - Nimble-Snapshots (= 6.9.0)
  - Quick (= 1.3.0)
  - Reusable (~> 4.0.2)
  - SnapKit (~> 5.0.0)

SPEC REPOS:
  https://github.com/cocoapods/specs.git:
    - iOSSnapshotTestCase
    - Nimble
    - Nimble-Snapshots
    - Quick
    - Reusable
    - SnapKit

SPEC CHECKSUMS:
  iOSSnapshotTestCase: f3b2b7e606fe03fdbe49af84316bd235df32dc44
  Nimble: 04f732da099ea4d153122aec8c2a88fd0c7219ae
  Nimble-Snapshots: 79394f8d0aea3df54bd5ff78ee9dff05a523a09c
  Quick: 03278013f71aa05fe9ecabc94fbcc6835f1ee76f
  Reusable: 188be1a54ac0691bc66e5bb24ec6eb91971b315b
  SnapKit: 97b92857e3df3a0c71833cce143274bf6ef8e5eb

PODFILE CHECKSUM: 654e51e5dc06b4f5c7b27401a748fcc185c0f514

COCOAPODS: 1.5.2
